// !$*UTF8*$!
{
	archiveVersion = 1;
	classes = {
	};
	objectVersion = 56;
	objects = {

/* Begin PBXBuildFile section */
		0A8F32FB29A64F6800D91953 /* AppDelegate.swift in Sources */ = {isa = PBXBuildFile; fileRef = 0A8F32FA29A64F6800D91953 /* AppDelegate.swift */; };
		0A8F32FD29A64F6800D91953 /* SceneDelegate.swift in Sources */ = {isa = PBXBuildFile; fileRef = 0A8F32FC29A64F6800D91953 /* SceneDelegate.swift */; };
		0A8F32FF29A64F6800D91953 /* ViewController.swift in Sources */ = {isa = PBXBuildFile; fileRef = 0A8F32FE29A64F6800D91953 /* ViewController.swift */; };
		0A8F330229A64F6800D91953 /* Main.storyboard in Resources */ = {isa = PBXBuildFile; fileRef = 0A8F330029A64F6800D91953 /* Main.storyboard */; };
		0A8F330429A64F6A00D91953 /* Assets.xcassets in Resources */ = {isa = PBXBuildFile; fileRef = 0A8F330329A64F6A00D91953 /* Assets.xcassets */; };
		0A8F330729A64F6A00D91953 /* LaunchScreen.storyboard in Resources */ = {isa = PBXBuildFile; fileRef = 0A8F330529A64F6A00D91953 /* LaunchScreen.storyboard */; };
		0A8F331229A64F6B00D91953 /* HashiTests.swift in Sources */ = {isa = PBXBuildFile; fileRef = 0A8F331129A64F6B00D91953 /* HashiTests.swift */; };
		0A8F331C29A64F6B00D91953 /* HashiUITests.swift in Sources */ = {isa = PBXBuildFile; fileRef = 0A8F331B29A64F6B00D91953 /* HashiUITests.swift */; };
		0A8F331E29A64F6B00D91953 /* HashiUITestsLaunchTests.swift in Sources */ = {isa = PBXBuildFile; fileRef = 0A8F331D29A64F6B00D91953 /* HashiUITestsLaunchTests.swift */; };
/* End PBXBuildFile section */

/* Begin PBXContainerItemProxy section */
		0A8F330E29A64F6B00D91953 /* PBXContainerItemProxy */ = {
			isa = PBXContainerItemProxy;
			containerPortal = 0A8F32EF29A64F6800D91953 /* Project object */;
			proxyType = 1;
			remoteGlobalIDString = 0A8F32F629A64F6800D91953;
			remoteInfo = Hashi;
		};
		0A8F331829A64F6B00D91953 /* PBXContainerItemProxy */ = {
			isa = PBXContainerItemProxy;
			containerPortal = 0A8F32EF29A64F6800D91953 /* Project object */;
			proxyType = 1;
			remoteGlobalIDString = 0A8F32F629A64F6800D91953;
			remoteInfo = Hashi;
		};
/* End PBXContainerItemProxy section */

/* Begin PBXFileReference section */
		0A8F32F729A64F6800D91953 /* Hashi.app */ = {isa = PBXFileReference; explicitFileType = wrapper.application; includeInIndex = 0; path = Hashi.app; sourceTree = BUILT_PRODUCTS_DIR; };
		0A8F32FA29A64F6800D91953 /* AppDelegate.swift */ = {isa = PBXFileReference; lastKnownFileType = sourcecode.swift; path = AppDelegate.swift; sourceTree = "<group>"; };
		0A8F32FC29A64F6800D91953 /* SceneDelegate.swift */ = {isa = PBXFileReference; lastKnownFileType = sourcecode.swift; path = SceneDelegate.swift; sourceTree = "<group>"; };
		0A8F32FE29A64F6800D91953 /* ViewController.swift */ = {isa = PBXFileReference; lastKnownFileType = sourcecode.swift; path = ViewController.swift; sourceTree = "<group>"; };
		0A8F330129A64F6800D91953 /* Base */ = {isa = PBXFileReference; lastKnownFileType = file.storyboard; name = Base; path = Base.lproj/Main.storyboard; sourceTree = "<group>"; };
		0A8F330329A64F6A00D91953 /* Assets.xcassets */ = {isa = PBXFileReference; lastKnownFileType = folder.assetcatalog; path = Assets.xcassets; sourceTree = "<group>"; };
		0A8F330629A64F6A00D91953 /* Base */ = {isa = PBXFileReference; lastKnownFileType = file.storyboard; name = Base; path = Base.lproj/LaunchScreen.storyboard; sourceTree = "<group>"; };
		0A8F330829A64F6A00D91953 /* Info.plist */ = {isa = PBXFileReference; lastKnownFileType = text.plist.xml; path = Info.plist; sourceTree = "<group>"; };
		0A8F330D29A64F6B00D91953 /* HashiTests.xctest */ = {isa = PBXFileReference; explicitFileType = wrapper.cfbundle; includeInIndex = 0; path = HashiTests.xctest; sourceTree = BUILT_PRODUCTS_DIR; };
		0A8F331129A64F6B00D91953 /* HashiTests.swift */ = {isa = PBXFileReference; lastKnownFileType = sourcecode.swift; path = HashiTests.swift; sourceTree = "<group>"; };
		0A8F331729A64F6B00D91953 /* HashiUITests.xctest */ = {isa = PBXFileReference; explicitFileType = wrapper.cfbundle; includeInIndex = 0; path = HashiUITests.xctest; sourceTree = BUILT_PRODUCTS_DIR; };
		0A8F331B29A64F6B00D91953 /* HashiUITests.swift */ = {isa = PBXFileReference; lastKnownFileType = sourcecode.swift; path = HashiUITests.swift; sourceTree = "<group>"; };
		0A8F331D29A64F6B00D91953 /* HashiUITestsLaunchTests.swift */ = {isa = PBXFileReference; lastKnownFileType = sourcecode.swift; path = HashiUITestsLaunchTests.swift; sourceTree = "<group>"; };
/* End PBXFileReference section */

/* Begin PBXFrameworksBuildPhase section */
		0A8F32F429A64F6800D91953 /* Frameworks */ = {
			isa = PBXFrameworksBuildPhase;
			buildActionMask = 2147483647;
			files = (
			);
			runOnlyForDeploymentPostprocessing = 0;
		};
		0A8F330A29A64F6B00D91953 /* Frameworks */ = {
			isa = PBXFrameworksBuildPhase;
			buildActionMask = 2147483647;
			files = (
			);
			runOnlyForDeploymentPostprocessing = 0;
		};
		0A8F331429A64F6B00D91953 /* Frameworks */ = {
			isa = PBXFrameworksBuildPhase;
			buildActionMask = 2147483647;
			files = (
			);
			runOnlyForDeploymentPostprocessing = 0;
		};
/* End PBXFrameworksBuildPhase section */

/* Begin PBXGroup section */
		0A8F32EE29A64F6800D91953 = {
			isa = PBXGroup;
			children = (
				0A8F32F929A64F6800D91953 /* Hashi */,
				0A8F331029A64F6B00D91953 /* HashiTests */,
				0A8F331A29A64F6B00D91953 /* HashiUITests */,
				0A8F32F829A64F6800D91953 /* Products */,
			);
			sourceTree = "<group>";
		};
		0A8F32F829A64F6800D91953 /* Products */ = {
			isa = PBXGroup;
			children = (
				0A8F32F729A64F6800D91953 /* Hashi.app */,
				0A8F330D29A64F6B00D91953 /* HashiTests.xctest */,
				0A8F331729A64F6B00D91953 /* HashiUITests.xctest */,
			);
			name = Products;
			sourceTree = "<group>";
		};
		0A8F32F929A64F6800D91953 /* Hashi */ = {
			isa = PBXGroup;
			children = (
				0A8F32FA29A64F6800D91953 /* AppDelegate.swift */,
				0A8F32FC29A64F6800D91953 /* SceneDelegate.swift */,
				0A8F32FE29A64F6800D91953 /* ViewController.swift */,
				0A8F330029A64F6800D91953 /* Main.storyboard */,
				0A8F330329A64F6A00D91953 /* Assets.xcassets */,
				0A8F330529A64F6A00D91953 /* LaunchScreen.storyboard */,
				0A8F330829A64F6A00D91953 /* Info.plist */,
			);
			path = Hashi;
			sourceTree = "<group>";
		};
		0A8F331029A64F6B00D91953 /* HashiTests */ = {
			isa = PBXGroup;
			children = (
				0A8F331129A64F6B00D91953 /* HashiTests.swift */,
			);
			path = HashiTests;
			sourceTree = "<group>";
		};
		0A8F331A29A64F6B00D91953 /* HashiUITests */ = {
			isa = PBXGroup;
			children = (
				0A8F331B29A64F6B00D91953 /* HashiUITests.swift */,
				0A8F331D29A64F6B00D91953 /* HashiUITestsLaunchTests.swift */,
			);
			path = HashiUITests;
			sourceTree = "<group>";
		};
/* End PBXGroup section */

/* Begin PBXNativeTarget section */
		0A8F32F629A64F6800D91953 /* Hashi */ = {
			isa = PBXNativeTarget;
			buildConfigurationList = 0A8F332129A64F6B00D91953 /* Build configuration list for PBXNativeTarget "Hashi" */;
			buildPhases = (
				0A8F32F329A64F6800D91953 /* Sources */,
				0A8F32F429A64F6800D91953 /* Frameworks */,
				0A8F32F529A64F6800D91953 /* Resources */,
			);
			buildRules = (
			);
			dependencies = (
			);
			name = Hashi;
			productName = Hashi;
			productReference = 0A8F32F729A64F6800D91953 /* Hashi.app */;
			productType = "com.apple.product-type.application";
		};
		0A8F330C29A64F6B00D91953 /* HashiTests */ = {
			isa = PBXNativeTarget;
			buildConfigurationList = 0A8F332429A64F6B00D91953 /* Build configuration list for PBXNativeTarget "HashiTests" */;
			buildPhases = (
				0A8F330929A64F6B00D91953 /* Sources */,
				0A8F330A29A64F6B00D91953 /* Frameworks */,
				0A8F330B29A64F6B00D91953 /* Resources */,
			);
			buildRules = (
			);
			dependencies = (
				0A8F330F29A64F6B00D91953 /* PBXTargetDependency */,
			);
			name = HashiTests;
			productName = HashiTests;
			productReference = 0A8F330D29A64F6B00D91953 /* HashiTests.xctest */;
			productType = "com.apple.product-type.bundle.unit-test";
		};
		0A8F331629A64F6B00D91953 /* HashiUITests */ = {
			isa = PBXNativeTarget;
			buildConfigurationList = 0A8F332729A64F6B00D91953 /* Build configuration list for PBXNativeTarget "HashiUITests" */;
			buildPhases = (
				0A8F331329A64F6B00D91953 /* Sources */,
				0A8F331429A64F6B00D91953 /* Frameworks */,
				0A8F331529A64F6B00D91953 /* Resources */,
			);
			buildRules = (
			);
			dependencies = (
				0A8F331929A64F6B00D91953 /* PBXTargetDependency */,
			);
			name = HashiUITests;
			productName = HashiUITests;
			productReference = 0A8F331729A64F6B00D91953 /* HashiUITests.xctest */;
			productType = "com.apple.product-type.bundle.ui-testing";
		};
/* End PBXNativeTarget section */

/* Begin PBXProject section */
		0A8F32EF29A64F6800D91953 /* Project object */ = {
			isa = PBXProject;
			attributes = {
				BuildIndependentTargetsInParallel = 1;
				LastSwiftUpdateCheck = 1420;
				LastUpgradeCheck = 1420;
				TargetAttributes = {
					0A8F32F629A64F6800D91953 = {
						CreatedOnToolsVersion = 14.2;
					};
					0A8F330C29A64F6B00D91953 = {
						CreatedOnToolsVersion = 14.2;
						TestTargetID = 0A8F32F629A64F6800D91953;
					};
					0A8F331629A64F6B00D91953 = {
						CreatedOnToolsVersion = 14.2;
						TestTargetID = 0A8F32F629A64F6800D91953;
					};
				};
			};
			buildConfigurationList = 0A8F32F229A64F6800D91953 /* Build configuration list for PBXProject "Hashi" */;
			compatibilityVersion = "Xcode 14.0";
			developmentRegion = en;
			hasScannedForEncodings = 0;
			knownRegions = (
				en,
				Base,
			);
			mainGroup = 0A8F32EE29A64F6800D91953;
			productRefGroup = 0A8F32F829A64F6800D91953 /* Products */;
			projectDirPath = "";
			projectRoot = "";
			targets = (
				0A8F32F629A64F6800D91953 /* Hashi */,
				0A8F330C29A64F6B00D91953 /* HashiTests */,
				0A8F331629A64F6B00D91953 /* HashiUITests */,
			);
		};
/* End PBXProject section */

/* Begin PBXResourcesBuildPhase section */
		0A8F32F529A64F6800D91953 /* Resources */ = {
			isa = PBXResourcesBuildPhase;
			buildActionMask = 2147483647;
			files = (
				0A8F330729A64F6A00D91953 /* LaunchScreen.storyboard in Resources */,
				0A8F330429A64F6A00D91953 /* Assets.xcassets in Resources */,
				0A8F330229A64F6800D91953 /* Main.storyboard in Resources */,
			);
			runOnlyForDeploymentPostprocessing = 0;
		};
		0A8F330B29A64F6B00D91953 /* Resources */ = {
			isa = PBXResourcesBuildPhase;
			buildActionMask = 2147483647;
			files = (
			);
			runOnlyForDeploymentPostprocessing = 0;
		};
		0A8F331529A64F6B00D91953 /* Resources */ = {
			isa = PBXResourcesBuildPhase;
			buildActionMask = 2147483647;
			files = (
			);
			runOnlyForDeploymentPostprocessing = 0;
		};
/* End PBXResourcesBuildPhase section */

/* Begin PBXSourcesBuildPhase section */
		0A8F32F329A64F6800D91953 /* Sources */ = {
			isa = PBXSourcesBuildPhase;
			buildActionMask = 2147483647;
			files = (
				0A8F32FF29A64F6800D91953 /* ViewController.swift in Sources */,
				0A8F32FB29A64F6800D91953 /* AppDelegate.swift in Sources */,
				0A8F32FD29A64F6800D91953 /* SceneDelegate.swift in Sources */,
			);
			runOnlyForDeploymentPostprocessing = 0;
		};
		0A8F330929A64F6B00D91953 /* Sources */ = {
			isa = PBXSourcesBuildPhase;
			buildActionMask = 2147483647;
			files = (
				0A8F331229A64F6B00D91953 /* HashiTests.swift in Sources */,
			);
			runOnlyForDeploymentPostprocessing = 0;
		};
		0A8F331329A64F6B00D91953 /* Sources */ = {
			isa = PBXSourcesBuildPhase;
			buildActionMask = 2147483647;
			files = (
				0A8F331E29A64F6B00D91953 /* HashiUITestsLaunchTests.swift in Sources */,
				0A8F331C29A64F6B00D91953 /* HashiUITests.swift in Sources */,
			);
			runOnlyForDeploymentPostprocessing = 0;
		};
/* End PBXSourcesBuildPhase section */

/* Begin PBXTargetDependency section */
		0A8F330F29A64F6B00D91953 /* PBXTargetDependency */ = {
			isa = PBXTargetDependency;
			target = 0A8F32F629A64F6800D91953 /* Hashi */;
			targetProxy = 0A8F330E29A64F6B00D91953 /* PBXContainerItemProxy */;
		};
		0A8F331929A64F6B00D91953 /* PBXTargetDependency */ = {
			isa = PBXTargetDependency;
			target = 0A8F32F629A64F6800D91953 /* Hashi */;
			targetProxy = 0A8F331829A64F6B00D91953 /* PBXContainerItemProxy */;
		};
/* End PBXTargetDependency section */

/* Begin PBXVariantGroup section */
		0A8F330029A64F6800D91953 /* Main.storyboard */ = {
			isa = PBXVariantGroup;
			children = (
				0A8F330129A64F6800D91953 /* Base */,
			);
			name = Main.storyboard;
			sourceTree = "<group>";
		};
		0A8F330529A64F6A00D91953 /* LaunchScreen.storyboard */ = {
			isa = PBXVariantGroup;
			children = (
				0A8F330629A64F6A00D91953 /* Base */,
			);
			name = LaunchScreen.storyboard;
			sourceTree = "<group>";
		};
/* End PBXVariantGroup section */

/* Begin XCBuildConfiguration section */
		0A8F331F29A64F6B00D91953 /* Debug */ = {
			isa = XCBuildConfiguration;
			buildSettings = {
				ALWAYS_SEARCH_USER_PATHS = NO;
				CLANG_ANALYZER_NONNULL = YES;
				CLANG_ANALYZER_NUMBER_OBJECT_CONVERSION = YES_AGGRESSIVE;
				CLANG_CXX_LANGUAGE_STANDARD = "gnu++20";
				CLANG_ENABLE_MODULES = YES;
				CLANG_ENABLE_OBJC_ARC = YES;
				CLANG_ENABLE_OBJC_WEAK = YES;
				CLANG_WARN_BLOCK_CAPTURE_AUTORELEASING = YES;
				CLANG_WARN_BOOL_CONVERSION = YES;
				CLANG_WARN_COMMA = YES;
				CLANG_WARN_CONSTANT_CONVERSION = YES;
				CLANG_WARN_DEPRECATED_OBJC_IMPLEMENTATIONS = YES;
				CLANG_WARN_DIRECT_OBJC_ISA_USAGE = YES_ERROR;
				CLANG_WARN_DOCUMENTATION_COMMENTS = YES;
				CLANG_WARN_EMPTY_BODY = YES;
				CLANG_WARN_ENUM_CONVERSION = YES;
				CLANG_WARN_INFINITE_RECURSION = YES;
				CLANG_WARN_INT_CONVERSION = YES;
				CLANG_WARN_NON_LITERAL_NULL_CONVERSION = YES;
				CLANG_WARN_OBJC_IMPLICIT_RETAIN_SELF = YES;
				CLANG_WARN_OBJC_LITERAL_CONVERSION = YES;
				CLANG_WARN_OBJC_ROOT_CLASS = YES_ERROR;
				CLANG_WARN_QUOTED_INCLUDE_IN_FRAMEWORK_HEADER = YES;
				CLANG_WARN_RANGE_LOOP_ANALYSIS = YES;
				CLANG_WARN_STRICT_PROTOTYPES = YES;
				CLANG_WARN_SUSPICIOUS_MOVE = YES;
				CLANG_WARN_UNGUARDED_AVAILABILITY = YES_AGGRESSIVE;
				CLANG_WARN_UNREACHABLE_CODE = YES;
				CLANG_WARN__DUPLICATE_METHOD_MATCH = YES;
				COPY_PHASE_STRIP = NO;
				DEBUG_INFORMATION_FORMAT = dwarf;
				ENABLE_STRICT_OBJC_MSGSEND = YES;
				ENABLE_TESTABILITY = YES;
				GCC_C_LANGUAGE_STANDARD = gnu11;
				GCC_DYNAMIC_NO_PIC = NO;
				GCC_NO_COMMON_BLOCKS = YES;
				GCC_OPTIMIZATION_LEVEL = 0;
				GCC_PREPROCESSOR_DEFINITIONS = (
					"DEBUG=1",
					"$(inherited)",
				);
				GCC_WARN_64_TO_32_BIT_CONVERSION = YES;
				GCC_WARN_ABOUT_RETURN_TYPE = YES_ERROR;
				GCC_WARN_UNDECLARED_SELECTOR = YES;
				GCC_WARN_UNINITIALIZED_AUTOS = YES_AGGRESSIVE;
				GCC_WARN_UNUSED_FUNCTION = YES;
				GCC_WARN_UNUSED_VARIABLE = YES;
				IPHONEOS_DEPLOYMENT_TARGET = 16.2;
				MTL_ENABLE_DEBUG_INFO = INCLUDE_SOURCE;
				MTL_FAST_MATH = YES;
				ONLY_ACTIVE_ARCH = YES;
				SDKROOT = iphoneos;
				SWIFT_ACTIVE_COMPILATION_CONDITIONS = DEBUG;
				SWIFT_OPTIMIZATION_LEVEL = "-Onone";
			};
			name = Debug;
		};
		0A8F332029A64F6B00D91953 /* Release */ = {
			isa = XCBuildConfiguration;
			buildSettings = {
				ALWAYS_SEARCH_USER_PATHS = NO;
				CLANG_ANALYZER_NONNULL = YES;
				CLANG_ANALYZER_NUMBER_OBJECT_CONVERSION = YES_AGGRESSIVE;
				CLANG_CXX_LANGUAGE_STANDARD = "gnu++20";
				CLANG_ENABLE_MODULES = YES;
				CLANG_ENABLE_OBJC_ARC = YES;
				CLANG_ENABLE_OBJC_WEAK = YES;
				CLANG_WARN_BLOCK_CAPTURE_AUTORELEASING = YES;
				CLANG_WARN_BOOL_CONVERSION = YES;
				CLANG_WARN_COMMA = YES;
				CLANG_WARN_CONSTANT_CONVERSION = YES;
				CLANG_WARN_DEPRECATED_OBJC_IMPLEMENTATIONS = YES;
				CLANG_WARN_DIRECT_OBJC_ISA_USAGE = YES_ERROR;
				CLANG_WARN_DOCUMENTATION_COMMENTS = YES;
				CLANG_WARN_EMPTY_BODY = YES;
				CLANG_WARN_ENUM_CONVERSION = YES;
				CLANG_WARN_INFINITE_RECURSION = YES;
				CLANG_WARN_INT_CONVERSION = YES;
				CLANG_WARN_NON_LITERAL_NULL_CONVERSION = YES;
				CLANG_WARN_OBJC_IMPLICIT_RETAIN_SELF = YES;
				CLANG_WARN_OBJC_LITERAL_CONVERSION = YES;
				CLANG_WARN_OBJC_ROOT_CLASS = YES_ERROR;
				CLANG_WARN_QUOTED_INCLUDE_IN_FRAMEWORK_HEADER = YES;
				CLANG_WARN_RANGE_LOOP_ANALYSIS = YES;
				CLANG_WARN_STRICT_PROTOTYPES = YES;
				CLANG_WARN_SUSPICIOUS_MOVE = YES;
				CLANG_WARN_UNGUARDED_AVAILABILITY = YES_AGGRESSIVE;
				CLANG_WARN_UNREACHABLE_CODE = YES;
				CLANG_WARN__DUPLICATE_METHOD_MATCH = YES;
				COPY_PHASE_STRIP = NO;
				DEBUG_INFORMATION_FORMAT = "dwarf-with-dsym";
				ENABLE_NS_ASSERTIONS = NO;
				ENABLE_STRICT_OBJC_MSGSEND = YES;
				GCC_C_LANGUAGE_STANDARD = gnu11;
				GCC_NO_COMMON_BLOCKS = YES;
				GCC_WARN_64_TO_32_BIT_CONVERSION = YES;
				GCC_WARN_ABOUT_RETURN_TYPE = YES_ERROR;
				GCC_WARN_UNDECLARED_SELECTOR = YES;
				GCC_WARN_UNINITIALIZED_AUTOS = YES_AGGRESSIVE;
				GCC_WARN_UNUSED_FUNCTION = YES;
				GCC_WARN_UNUSED_VARIABLE = YES;
				IPHONEOS_DEPLOYMENT_TARGET = 16.2;
				MTL_ENABLE_DEBUG_INFO = NO;
				MTL_FAST_MATH = YES;
				SDKROOT = iphoneos;
				SWIFT_COMPILATION_MODE = wholemodule;
				SWIFT_OPTIMIZATION_LEVEL = "-O";
				VALIDATE_PRODUCT = YES;
			};
			name = Release;
		};
		0A8F332229A64F6B00D91953 /* Debug */ = {
			isa = XCBuildConfiguration;
			buildSettings = {
				ASSETCATALOG_COMPILER_APPICON_NAME = AppIcon;
				ASSETCATALOG_COMPILER_GLOBAL_ACCENT_COLOR_NAME = AccentColor;
				CODE_SIGN_STYLE = Automatic;
				CURRENT_PROJECT_VERSION = 1;
				GENERATE_INFOPLIST_FILE = YES;
				INFOPLIST_FILE = Hashi/Info.plist;
				INFOPLIST_KEY_UIApplicationSupportsIndirectInputEvents = YES;
				INFOPLIST_KEY_UILaunchStoryboardName = LaunchScreen;
				INFOPLIST_KEY_UIMainStoryboardFile = Main;
				INFOPLIST_KEY_UISupportedInterfaceOrientations_iPad = "UIInterfaceOrientationPortrait UIInterfaceOrientationPortraitUpsideDown UIInterfaceOrientationLandscapeLeft UIInterfaceOrientationLandscapeRight";
				INFOPLIST_KEY_UISupportedInterfaceOrientations_iPhone = "UIInterfaceOrientationPortrait UIInterfaceOrientationLandscapeLeft UIInterfaceOrientationLandscapeRight";
				LD_RUNPATH_SEARCH_PATHS = (
					"$(inherited)",
					"@executable_path/Frameworks",
				);
				MARKETING_VERSION = 1.0;
				PRODUCT_BUNDLE_IDENTIFIER = com.LukaDeBakker.Hashi;
				PRODUCT_NAME = "$(TARGET_NAME)";
				SWIFT_EMIT_LOC_STRINGS = YES;
				SWIFT_VERSION = 5.0;
				TARGETED_DEVICE_FAMILY = "1,2";
			};
			name = Debug;
		};
		0A8F332329A64F6B00D91953 /* Release */ = {
			isa = XCBuildConfiguration;
			buildSettings = {
				ASSETCATALOG_COMPILER_APPICON_NAME = AppIcon;
				ASSETCATALOG_COMPILER_GLOBAL_ACCENT_COLOR_NAME = AccentColor;
				CODE_SIGN_STYLE = Automatic;
				CURRENT_PROJECT_VERSION = 1;
				GENERATE_INFOPLIST_FILE = YES;
				INFOPLIST_FILE = Hashi/Info.plist;
				INFOPLIST_KEY_UIApplicationSupportsIndirectInputEvents = YES;
				INFOPLIST_KEY_UILaunchStoryboardName = LaunchScreen;
				INFOPLIST_KEY_UIMainStoryboardFile = Main;
				INFOPLIST_KEY_UISupportedInterfaceOrientations_iPad = "UIInterfaceOrientationPortrait UIInterfaceOrientationPortraitUpsideDown UIInterfaceOrientationLandscapeLeft UIInterfaceOrientationLandscapeRight";
				INFOPLIST_KEY_UISupportedInterfaceOrientations_iPhone = "UIInterfaceOrientationPortrait UIInterfaceOrientationLandscapeLeft UIInterfaceOrientationLandscapeRight";
				LD_RUNPATH_SEARCH_PATHS = (
					"$(inherited)",
					"@executable_path/Frameworks",
				);
				MARKETING_VERSION = 1.0;
				PRODUCT_BUNDLE_IDENTIFIER = com.LukaDeBakker.Hashi;
				PRODUCT_NAME = "$(TARGET_NAME)";
				SWIFT_EMIT_LOC_STRINGS = YES;
				SWIFT_VERSION = 5.0;
				TARGETED_DEVICE_FAMILY = "1,2";
			};
			name = Release;
		};
		0A8F332529A64F6B00D91953 /* Debug */ = {
			isa = XCBuildConfiguration;
			buildSettings = {
				ALWAYS_EMBED_SWIFT_STANDARD_LIBRARIES = YES;
				BUNDLE_LOADER = "$(TEST_HOST)";
				CODE_SIGN_STYLE = Automatic;
				CURRENT_PROJECT_VERSION = 1;
				GENERATE_INFOPLIST_FILE = YES;
				IPHONEOS_DEPLOYMENT_TARGET = 16.2;
				MARKETING_VERSION = 1.0;
				PRODUCT_BUNDLE_IDENTIFIER = com.LukaDeBakker.HashiTests;
				PRODUCT_NAME = "$(TARGET_NAME)";
				SWIFT_EMIT_LOC_STRINGS = NO;
				SWIFT_VERSION = 5.0;
				TARGETED_DEVICE_FAMILY = "1,2";
				TEST_HOST = "$(BUILT_PRODUCTS_DIR)/Hashi.app/$(BUNDLE_EXECUTABLE_FOLDER_PATH)/Hashi";
			};
			name = Debug;
		};
		0A8F332629A64F6B00D91953 /* Release */ = {
			isa = XCBuildConfiguration;
			buildSettings = {
				ALWAYS_EMBED_SWIFT_STANDARD_LIBRARIES = YES;
				BUNDLE_LOADER = "$(TEST_HOST)";
				CODE_SIGN_STYLE = Automatic;
				CURRENT_PROJECT_VERSION = 1;
				GENERATE_INFOPLIST_FILE = YES;
				IPHONEOS_DEPLOYMENT_TARGET = 16.2;
				MARKETING_VERSION = 1.0;
				PRODUCT_BUNDLE_IDENTIFIER = com.LukaDeBakker.HashiTests;
				PRODUCT_NAME = "$(TARGET_NAME)";
				SWIFT_EMIT_LOC_STRINGS = NO;
				SWIFT_VERSION = 5.0;
				TARGETED_DEVICE_FAMILY = "1,2";
				TEST_HOST = "$(BUILT_PRODUCTS_DIR)/Hashi.app/$(BUNDLE_EXECUTABLE_FOLDER_PATH)/Hashi";
			};
			name = Release;
		};
		0A8F332829A64F6B00D91953 /* Debug */ = {
			isa = XCBuildConfiguration;
			buildSettings = {
				ALWAYS_EMBED_SWIFT_STANDARD_LIBRARIES = YES;
				CODE_SIGN_STYLE = Automatic;
				CURRENT_PROJECT_VERSION = 1;
				GENERATE_INFOPLIST_FILE = YES;
				MARKETING_VERSION = 1.0;
				PRODUCT_BUNDLE_IDENTIFIER = com.LukaDeBakker.HashiUITests;
				PRODUCT_NAME = "$(TARGET_NAME)";
				SWIFT_EMIT_LOC_STRINGS = NO;
				SWIFT_VERSION = 5.0;
				TARGETED_DEVICE_FAMILY = "1,2";
				TEST_TARGET_NAME = Hashi;
			};
			name = Debug;
		};
		0A8F332929A64F6B00D91953 /* Release */ = {
			isa = XCBuildConfiguration;
			buildSettings = {
				ALWAYS_EMBED_SWIFT_STANDARD_LIBRARIES = YES;
				CODE_SIGN_STYLE = Automatic;
				CURRENT_PROJECT_VERSION = 1;
				GENERATE_INFOPLIST_FILE = YES;
				MARKETING_VERSION = 1.0;
				PRODUCT_BUNDLE_IDENTIFIER = com.LukaDeBakker.HashiUITests;
				PRODUCT_NAME = "$(TARGET_NAME)";
				SWIFT_EMIT_LOC_STRINGS = NO;
				SWIFT_VERSION = 5.0;
				TARGETED_DEVICE_FAMILY = "1,2";
				TEST_TARGET_NAME = Hashi;
			};
			name = Release;
		};
/* End XCBuildConfiguration section */

/* Begin XCConfigurationList section */
		0A8F32F229A64F6800D91953 /* Build configuration list for PBXProject "Hashi" */ = {
			isa = XCConfigurationList;
			buildConfigurations = (
				0A8F331F29A64F6B00D91953 /* Debug */,
				0A8F332029A64F6B00D91953 /* Release */,
			);
			defaultConfigurationIsVisible = 0;
			defaultConfigurationName = Release;
		};
		0A8F332129A64F6B00D91953 /* Build configuration list for PBXNativeTarget "Hashi" */ = {
			isa = XCConfigurationList;
			buildConfigurations = (
				0A8F332229A64F6B00D91953 /* Debug */,
				0A8F332329A64F6B00D91953 /* Release */,
			);
			defaultConfigurationIsVisible = 0;
			defaultConfigurationName = Release;
		};
		0A8F332429A64F6B00D91953 /* Build configuration list for PBXNativeTarget "HashiTests" */ = {
			isa = XCConfigurationList;
			buildConfigurations = (
				0A8F332529A64F6B00D91953 /* Debug */,
				0A8F332629A64F6B00D91953 /* Release */,
			);
			defaultConfigurationIsVisible = 0;
			defaultConfigurationName = Release;
		};
		0A8F332729A64F6B00D91953 /* Build configuration list for PBXNativeTarget "HashiUITests" */ = {
			isa = XCConfigurationList;
			buildConfigurations = (
				0A8F332829A64F6B00D91953 /* Debug */,
				0A8F332929A64F6B00D91953 /* Release */,
			);
			defaultConfigurationIsVisible = 0;
			defaultConfigurationName = Release;
		};
/* End XCConfigurationList section */
	};
	rootObject = 0A8F32EF29A64F6800D91953 /* Project object */;
}
